// !$*UTF8*$!
{
	archiveVersion = 1;
	classes = {
	};
	objectVersion = 50;
	objects = {

/* Begin PBXBuildFile section */
		5222FB582411103D00868754 /* AppDelegate.swift in Sources */ = {isa = PBXBuildFile; fileRef = 5222FB572411103D00868754 /* AppDelegate.swift */; };
		5222FB5A2411103D00868754 /* SceneDelegate.swift in Sources */ = {isa = PBXBuildFile; fileRef = 5222FB592411103D00868754 /* SceneDelegate.swift */; };
		5222FB5C2411103D00868754 /* ContentView.swift in Sources */ = {isa = PBXBuildFile; fileRef = 5222FB5B2411103D00868754 /* ContentView.swift */; };
		5222FB5E2411103D00868754 /* Assets.xcassets in Resources */ = {isa = PBXBuildFile; fileRef = 5222FB5D2411103D00868754 /* Assets.xcassets */; };
		5222FB612411103D00868754 /* Preview Assets.xcassets in Resources */ = {isa = PBXBuildFile; fileRef = 5222FB602411103D00868754 /* Preview Assets.xcassets */; };
		5222FB642411103D00868754 /* LaunchScreen.storyboard in Resources */ = {isa = PBXBuildFile; fileRef = 5222FB622411103D00868754 /* LaunchScreen.storyboard */; };
		5222FB6C241110AB00868754 /* AppStyling.swift in Sources */ = {isa = PBXBuildFile; fileRef = 5222FB6B241110AB00868754 /* AppStyling.swift */; };
		5230E8B624113E5900BD7393 /* Gradients.swift in Sources */ = {isa = PBXBuildFile; fileRef = 5230E8B524113E5900BD7393 /* Gradients.swift */; };
/* End PBXBuildFile section */

/* Begin PBXFileReference section */
		5222FB542411103D00868754 /* styling.app */ = {isa = PBXFileReference; explicitFileType = wrapper.application; includeInIndex = 0; path = styling.app; sourceTree = BUILT_PRODUCTS_DIR; };
		5222FB572411103D00868754 /* AppDelegate.swift */ = {isa = PBXFileReference; lastKnownFileType = sourcecode.swift; path = AppDelegate.swift; sourceTree = "<group>"; };
		5222FB592411103D00868754 /* SceneDelegate.swift */ = {isa = PBXFileReference; lastKnownFileType = sourcecode.swift; path = SceneDelegate.swift; sourceTree = "<group>"; };
		5222FB5B2411103D00868754 /* ContentView.swift */ = {isa = PBXFileReference; lastKnownFileType = sourcecode.swift; path = ContentView.swift; sourceTree = "<group>"; };
		5222FB5D2411103D00868754 /* Assets.xcassets */ = {isa = PBXFileReference; lastKnownFileType = folder.assetcatalog; path = Assets.xcassets; sourceTree = "<group>"; };
		5222FB602411103D00868754 /* Preview Assets.xcassets */ = {isa = PBXFileReference; lastKnownFileType = folder.assetcatalog; path = "Preview Assets.xcassets"; sourceTree = "<group>"; };
		5222FB632411103D00868754 /* Base */ = {isa = PBXFileReference; lastKnownFileType = file.storyboard; name = Base; path = Base.lproj/LaunchScreen.storyboard; sourceTree = "<group>"; };
		5222FB652411103D00868754 /* Info.plist */ = {isa = PBXFileReference; lastKnownFileType = text.plist.xml; path = Info.plist; sourceTree = "<group>"; };
		5222FB6B241110AB00868754 /* AppStyling.swift */ = {isa = PBXFileReference; lastKnownFileType = sourcecode.swift; path = AppStyling.swift; sourceTree = "<group>"; };
		5230E8B524113E5900BD7393 /* Gradients.swift */ = {isa = PBXFileReference; fileEncoding = 4; lastKnownFileType = sourcecode.swift; path = Gradients.swift; sourceTree = "<group>"; };
/* End PBXFileReference section */

/* Begin PBXFrameworksBuildPhase section */
		5222FB512411103D00868754 /* Frameworks */ = {
			isa = PBXFrameworksBuildPhase;
			buildActionMask = 2147483647;
			files = (
			);
			runOnlyForDeploymentPostprocessing = 0;
		};
/* End PBXFrameworksBuildPhase section */

/* Begin PBXGroup section */
		5222FB4B2411103D00868754 = {
			isa = PBXGroup;
			children = (
				5222FB562411103D00868754 /* styling */,
				5222FB552411103D00868754 /* Products */,
			);
			sourceTree = "<group>";
		};
		5222FB552411103D00868754 /* Products */ = {
			isa = PBXGroup;
			children = (
				5222FB542411103D00868754 /* styling.app */,
			);
			name = Products;
			sourceTree = "<group>";
		};
		5222FB562411103D00868754 /* styling */ = {
			isa = PBXGroup;
			children = (
				5222FB572411103D00868754 /* AppDelegate.swift */,
				5222FB6B241110AB00868754 /* AppStyling.swift */,
				5230E8B524113E5900BD7393 /* Gradients.swift */,
				5222FB592411103D00868754 /* SceneDelegate.swift */,
				5222FB5B2411103D00868754 /* ContentView.swift */,
				5222FB5D2411103D00868754 /* Assets.xcassets */,
				5222FB622411103D00868754 /* LaunchScreen.storyboard */,
				5222FB652411103D00868754 /* Info.plist */,
				5222FB5F2411103D00868754 /* Preview Content */,
			);
			path = styling;
			sourceTree = "<group>";
		};
		5222FB5F2411103D00868754 /* Preview Content */ = {
			isa = PBXGroup;
			children = (
				5222FB602411103D00868754 /* Preview Assets.xcassets */,
			);
			path = "Preview Content";
			sourceTree = "<group>";
		};
/* End PBXGroup section */

/* Begin PBXNativeTarget section */
		5222FB532411103D00868754 /* styling */ = {
			isa = PBXNativeTarget;
			buildConfigurationList = 5222FB682411103D00868754 /* Build configuration list for PBXNativeTarget "styling" */;
			buildPhases = (
				5222FB502411103D00868754 /* Sources */,
				5222FB512411103D00868754 /* Frameworks */,
				5222FB522411103D00868754 /* Resources */,
			);
			buildRules = (
			);
			dependencies = (
			);
			name = styling;
			productName = styling;
			productReference = 5222FB542411103D00868754 /* styling.app */;
			productType = "com.apple.product-type.application";
		};
/* End PBXNativeTarget section */

/* Begin PBXProject section */
		5222FB4C2411103D00868754 /* Project object */ = {
			isa = PBXProject;
			attributes = {
				LastSwiftUpdateCheck = 1130;
				LastUpgradeCheck = 1130;
				ORGANIZATIONNAME = "Eros Reale";
				TargetAttributes = {
					5222FB532411103D00868754 = {
						CreatedOnToolsVersion = 11.3.1;
					};
				};
			};
			buildConfigurationList = 5222FB4F2411103D00868754 /* Build configuration list for PBXProject "styling" */;
			compatibilityVersion = "Xcode 9.3";
			developmentRegion = en;
			hasScannedForEncodings = 0;
			knownRegions = (
				en,
				Base,
			);
			mainGroup = 5222FB4B2411103D00868754;
			productRefGroup = 5222FB552411103D00868754 /* Products */;
			projectDirPath = "";
			projectRoot = "";
			targets = (
				5222FB532411103D00868754 /* styling */,
			);
		};
/* End PBXProject section */

/* Begin PBXResourcesBuildPhase section */
		5222FB522411103D00868754 /* Resources */ = {
			isa = PBXResourcesBuildPhase;
			buildActionMask = 2147483647;
			files = (
				5222FB642411103D00868754 /* LaunchScreen.storyboard in Resources */,
				5222FB612411103D00868754 /* Preview Assets.xcassets in Resources */,
				5222FB5E2411103D00868754 /* Assets.xcassets in Resources */,
			);
			runOnlyForDeploymentPostprocessing = 0;
		};
/* End PBXResourcesBuildPhase section */

/* Begin PBXSourcesBuildPhase section */
		5222FB502411103D00868754 /* Sources */ = {
			isa = PBXSourcesBuildPhase;
			buildActionMask = 2147483647;
			files = (
				5222FB582411103D00868754 /* AppDelegate.swift in Sources */,
				5222FB5A2411103D00868754 /* SceneDelegate.swift in Sources */,
				5222FB6C241110AB00868754 /* AppStyling.swift in Sources */,
				5222FB5C2411103D00868754 /* ContentView.swift in Sources */,
				5230E8B624113E5900BD7393 /* Gradients.swift in Sources */,
			);
			runOnlyForDeploymentPostprocessing = 0;
		};
/* End PBXSourcesBuildPhase section */

/* Begin PBXVariantGroup section */
		5222FB622411103D00868754 /* LaunchScreen.storyboard */ = {
			isa = PBXVariantGroup;
			children = (
				5222FB632411103D00868754 /* Base */,
			);
			name = LaunchScreen.storyboard;
			sourceTree = "<group>";
		};
/* End PBXVariantGroup section */

/* Begin XCBuildConfiguration section */
		5222FB662411103D00868754 /* Debug */ = {
			isa = XCBuildConfiguration;
			buildSettings = {
				ALWAYS_SEARCH_USER_PATHS = NO;
				CLANG_ANALYZER_NONNULL = YES;
				CLANG_ANALYZER_NUMBER_OBJECT_CONVERSION = YES_AGGRESSIVE;
				CLANG_CXX_LANGUAGE_STANDARD = "gnu++14";
				CLANG_CXX_LIBRARY = "libc++";
				CLANG_ENABLE_MODULES = YES;
				CLANG_ENABLE_OBJC_ARC = YES;
				CLANG_ENABLE_OBJC_WEAK = YES;
				CLANG_WARN_BLOCK_CAPTURE_AUTORELEASING = YES;
				CLANG_WARN_BOOL_CONVERSION = YES;
				CLANG_WARN_COMMA = YES;
				CLANG_WARN_CONSTANT_CONVERSION = YES;
				CLANG_WARN_DEPRECATED_OBJC_IMPLEMENTATIONS = YES;
				CLANG_WARN_DIRECT_OBJC_ISA_USAGE = YES_ERROR;
				CLANG_WARN_DOCUMENTATION_COMMENTS = YES;
				CLANG_WARN_EMPTY_BODY = YES;
				CLANG_WARN_ENUM_CONVERSION = YES;
				CLANG_WARN_INFINITE_RECURSION = YES;
				CLANG_WARN_INT_CONVERSION = YES;
				CLANG_WARN_NON_LITERAL_NULL_CONVERSION = YES;
				CLANG_WARN_OBJC_IMPLICIT_RETAIN_SELF = YES;
				CLANG_WARN_OBJC_LITERAL_CONVERSION = YES;
				CLANG_WARN_OBJC_ROOT_CLASS = YES_ERROR;
				CLANG_WARN_RANGE_LOOP_ANALYSIS = YES;
				CLANG_WARN_STRICT_PROTOTYPES = YES;
				CLANG_WARN_SUSPICIOUS_MOVE = YES;
				CLANG_WARN_UNGUARDED_AVAILABILITY = YES_AGGRESSIVE;
				CLANG_WARN_UNREACHABLE_CODE = YES;
				CLANG_WARN__DUPLICATE_METHOD_MATCH = YES;
				COPY_PHASE_STRIP = NO;
				DEBUG_INFORMATION_FORMAT = dwarf;
				ENABLE_STRICT_OBJC_MSGSEND = YES;
				ENABLE_TESTABILITY = YES;
				GCC_C_LANGUAGE_STANDARD = gnu11;
				GCC_DYNAMIC_NO_PIC = NO;
				GCC_NO_COMMON_BLOCKS = YES;
				GCC_OPTIMIZATION_LEVEL = 0;
				GCC_PREPROCESSOR_DEFINITIONS = (
					"DEBUG=1",
					"$(inherited)",
				);
				GCC_WARN_64_TO_32_BIT_CONVERSION = YES;
				GCC_WARN_ABOUT_RETURN_TYPE = YES_ERROR;
				GCC_WARN_UNDECLARED_SELECTOR = YES;
				GCC_WARN_UNINITIALIZED_AUTOS = YES_AGGRESSIVE;
				GCC_WARN_UNUSED_FUNCTION = YES;
				GCC_WARN_UNUSED_VARIABLE = YES;
				IPHONEOS_DEPLOYMENT_TARGET = 13.2;
				MTL_ENABLE_DEBUG_INFO = INCLUDE_SOURCE;
				MTL_FAST_MATH = YES;
				ONLY_ACTIVE_ARCH = YES;
				SDKROOT = iphoneos;
				SWIFT_ACTIVE_COMPILATION_CONDITIONS = DEBUG;
				SWIFT_OPTIMIZATION_LEVEL = "-Onone";
			};
			name = Debug;
		};
		5222FB672411103D00868754 /* Release */ = {
			isa = XCBuildConfiguration;
			buildSettings = {
				ALWAYS_SEARCH_USER_PATHS = NO;
				CLANG_ANALYZER_NONNULL = YES;
				CLANG_ANALYZER_NUMBER_OBJECT_CONVERSION = YES_AGGRESSIVE;
				CLANG_CXX_LANGUAGE_STANDARD = "gnu++14";
				CLANG_CXX_LIBRARY = "libc++";
				CLANG_ENABLE_MODULES = YES;
				CLANG_ENABLE_OBJC_ARC = YES;
				CLANG_ENABLE_OBJC_WEAK = YES;
				CLANG_WARN_BLOCK_CAPTURE_AUTORELEASING = YES;
				CLANG_WARN_BOOL_CONVERSION = YES;
				CLANG_WARN_COMMA = YES;
				CLANG_WARN_CONSTANT_CONVERSION = YES;
				CLANG_WARN_DEPRECATED_OBJC_IMPLEMENTATIONS = YES;
				CLANG_WARN_DIRECT_OBJC_ISA_USAGE = YES_ERROR;
				CLANG_WARN_DOCUMENTATION_COMMENTS = YES;
				CLANG_WARN_EMPTY_BODY = YES;
				CLANG_WARN_ENUM_CONVERSION = YES;
				CLANG_WARN_INFINITE_RECURSION = YES;
				CLANG_WARN_INT_CONVERSION = YES;
				CLANG_WARN_NON_LITERAL_NULL_CONVERSION = YES;
				CLANG_WARN_OBJC_IMPLICIT_RETAIN_SELF = YES;
				CLANG_WARN_OBJC_LITERAL_CONVERSION = YES;
				CLANG_WARN_OBJC_ROOT_CLASS = YES_ERROR;
				CLANG_WARN_RANGE_LOOP_ANALYSIS = YES;
				CLANG_WARN_STRICT_PROTOTYPES = YES;
				CLANG_WARN_SUSPICIOUS_MOVE = YES;
				CLANG_WARN_UNGUARDED_AVAILABILITY = YES_AGGRESSIVE;
				CLANG_WARN_UNREACHABLE_CODE = YES;
				CLANG_WARN__DUPLICATE_METHOD_MATCH = YES;
				COPY_PHASE_STRIP = NO;
				DEBUG_INFORMATION_FORMAT = "dwarf-with-dsym";
				ENABLE_NS_ASSERTIONS = NO;
				ENABLE_STRICT_OBJC_MSGSEND = YES;
				GCC_C_LANGUAGE_STANDARD = gnu11;
				GCC_NO_COMMON_BLOCKS = YES;
				GCC_WARN_64_TO_32_BIT_CONVERSION = YES;
				GCC_WARN_ABOUT_RETURN_TYPE = YES_ERROR;
				GCC_WARN_UNDECLARED_SELECTOR = YES;
				GCC_WARN_UNINITIALIZED_AUTOS = YES_AGGRESSIVE;
				GCC_WARN_UNUSED_FUNCTION = YES;
				GCC_WARN_UNUSED_VARIABLE = YES;
				IPHONEOS_DEPLOYMENT_TARGET = 13.2;
				MTL_ENABLE_DEBUG_INFO = NO;
				MTL_FAST_MATH = YES;
				SDKROOT = iphoneos;
				SWIFT_COMPILATION_MODE = wholemodule;
				SWIFT_OPTIMIZATION_LEVEL = "-O";
				VALIDATE_PRODUCT = YES;
			};
			name = Release;
		};
		5222FB692411103D00868754 /* Debug */ = {
			isa = XCBuildConfiguration;
			buildSettings = {
				ASSETCATALOG_COMPILER_APPICON_NAME = AppIcon;
				CODE_SIGN_STYLE = Automatic;
				DEVELOPMENT_ASSET_PATHS = "\"styling/Preview Content\"";
				DEVELOPMENT_TEAM = 4S9WN6UGJC;
				ENABLE_PREVIEWS = YES;
				INFOPLIST_FILE = styling/Info.plist;
				LD_RUNPATH_SEARCH_PATHS = (
					"$(inherited)",
					"@executable_path/Frameworks",
				);
				PRODUCT_BUNDLE_IDENTIFIER = it.erosfrancesco.styling;
				PRODUCT_NAME = "$(TARGET_NAME)";
				SWIFT_VERSION = 5.0;
				TARGETED_DEVICE_FAMILY = "1,2";
			};
			name = Debug;
		};
		5222FB6A2411103D00868754 /* Release */ = {
			isa = XCBuildConfiguration;
			buildSettings = {
				ASSETCATALOG_COMPILER_APPICON_NAME = AppIcon;
				CODE_SIGN_STYLE = Automatic;
				DEVELOPMENT_ASSET_PATHS = "\"styling/Preview Content\"";
				DEVELOPMENT_TEAM = 4S9WN6UGJC;
				ENABLE_PREVIEWS = YES;
				INFOPLIST_FILE = styling/Info.plist;
				LD_RUNPATH_SEARCH_PATHS = (
					"$(inherited)",
					"@executable_path/Frameworks",
				);
				PRODUCT_BUNDLE_IDENTIFIER = it.erosfrancesco.styling;
				PRODUCT_NAME = "$(TARGET_NAME)";
				SWIFT_VERSION = 5.0;
				TARGETED_DEVICE_FAMILY = "1,2";
			};
			name = Release;
		};
/* End XCBuildConfiguration section */

/* Begin XCConfigurationList section */
		5222FB4F2411103D00868754 /* Build configuration list for PBXProject "styling" */ = {
			isa = XCConfigurationList;
			buildConfigurations = (
				5222FB662411103D00868754 /* Debug */,
				5222FB672411103D00868754 /* Release */,
			);
			defaultConfigurationIsVisible = 0;
			defaultConfigurationName = Release;
		};
		5222FB682411103D00868754 /* Build configuration list for PBXNativeTarget "styling" */ = {
			isa = XCConfigurationList;
			buildConfigurations = (
				5222FB692411103D00868754 /* Debug */,
				5222FB6A2411103D00868754 /* Release */,
			);
			defaultConfigurationIsVisible = 0;
			defaultConfigurationName = Release;
		};
/* End XCConfigurationList section */
	};
	rootObject = 5222FB4C2411103D00868754 /* Project object */;
}
